dependencies:
  espressif/esp_tinyusb:
    component_hash: 43b8cbff24d95d939240e2f424970b597f6732cdee95f15f8d6cb494cd914fe0
    dependencies:
    - name: idf
      version: '>=5.0'
    - git: https://github.com/w-dee/tinyusb.git
      name: espressif/tinyusb
      public: true
      version: 0b02e68af7a654d5099d8a230291ce19403833ae
    source:
      git: https://github.com/w-dee/esp-usb.git
      path: device/esp_tinyusb
      type: git
    targets:
    - esp32s2
    - esp32s3
    - esp32p4
    - esp32h4
    - esp32s31
    version: 94a4d44b5760b8f6ab1a3ce56c92a101fe2bc17f
  espressif/tinyusb:
    component_hash: 06494427af49510651de7d0935b449a27fdd35ae1cfdd1361a732d4877263223
    dependencies:
    - name: idf
      version: '>=5.0'
    source:
      git: https://github.com/w-dee/tinyusb.git
      path: .
      type: git
    targets:
    - esp32s2
    - esp32s3
    - esp32p4
    - esp32h4
    - esp32s31
    version: 0b02e68af7a654d5099d8a230291ce19403833ae
  idf:
    source:
      type: idf
    version: 5.5.4
direct_dependencies:
- espressif/esp_tinyusb
- idf
manifest_hash: c10905fde300df5b9f32822bb78f5e625c671ddfa515dd300cab215b25f7be4e
target: esp32s3
version: 2.0.0
